
Microsoft Visual Studio Solution File, Format Version 12.00
# Visual Studio Version 17
VisualStudioVersion = 17.11.35312.102
MinimumVisualStudioVersion = 10.0.40219.1
Project("{FAE04EC0-301F-11D3-BF4B-00C04F79EFBC}") = "KQ.Kleinanzeigen.Api", "KQ.Kleinanzeigen.Api\KQ.Kleinanzeigen.Api.csproj", "{B0805DE8-E4BA-4255-8ECD-DE08C5E25EB1}"
EndProject
Project("{FAE04EC0-301F-11D3-BF4B-00C04F79EFBC}") = "KQ.Kleinanzeigen.Infrastructure", "KQ.Kleinanzeigen.Infrastructure\KQ.Kleinanzeigen.Infrastructure.csproj", "{F8198D73-9625-4B7F-89B1-DF1ABD3C5592}"
EndProject
Project("{FAE04EC0-301F-11D3-BF4B-00C04F79EFBC}") = "KQ.Kleinanzeigen.Domain", "KQ.Kleinanzeigen.Domain\KQ.Kleinanzeigen.Domain.csproj", "{211D4E45-B6D2-47CA-84C9-571E0E768071}"
EndProject
Global
	GlobalSection(SolutionConfigurationPlatforms) = preSolution
		Debug|Any CPU = Debug|Any CPU
		Release|Any CPU = Release|Any CPU
	EndGlobalSection
	GlobalSection(ProjectConfigurationPlatforms) = postSolution
		{B0805DE8-E4BA-4255-8ECD-DE08C5E25EB1}.Debug|Any CPU.ActiveCfg = Debug|Any CPU
		{B0805DE8-E4BA-4255-8ECD-DE08C5E25EB1}.Debug|Any CPU.Build.0 = Debug|Any CPU
		{B0805DE8-E4BA-4255-8ECD-DE08C5E25EB1}.Release|Any CPU.ActiveCfg = Release|Any CPU
		{B0805DE8-E4BA-4255-8ECD-DE08C5E25EB1}.Release|Any CPU.Build.0 = Release|Any CPU
		{F8198D73-9625-4B7F-89B1-DF1ABD3C5592}.Debug|Any CPU.ActiveCfg = Debug|Any CPU
		{F8198D73-9625-4B7F-89B1-DF1ABD3C5592}.Debug|Any CPU.Build.0 = Debug|Any CPU
		{F8198D73-9625-4B7F-89B1-DF1ABD3C5592}.Release|Any CPU.ActiveCfg = Release|Any CPU
		{F8198D73-9625-4B7F-89B1-DF1ABD3C5592}.Release|Any CPU.Build.0 = Release|Any CPU
		{211D4E45-B6D2-47CA-84C9-571E0E768071}.Debug|Any CPU.ActiveCfg = Debug|Any CPU
		{211D4E45-B6D2-47CA-84C9-571E0E768071}.Debug|Any CPU.Build.0 = Debug|Any CPU
		{211D4E45-B6D2-47CA-84C9-571E0E768071}.Release|Any CPU.ActiveCfg = Release|Any CPU
		{211D4E45-B6D2-47CA-84C9-571E0E768071}.Release|Any CPU.Build.0 = Release|Any CPU
	EndGlobalSection
	GlobalSection(SolutionProperties) = preSolution
		HideSolutionNode = FALSE
	EndGlobalSection
	GlobalSection(ExtensibilityGlobals) = postSolution
		SolutionGuid = {D0982D4F-4D73-4BAC-90EA-2FB19CBD286E}
	EndGlobalSection
EndGlobal
